<Solution Description="Visual Studio slnx file generated by Premake" Version="1.4">
  <Configurations>
    <BuildType Name="Debug" />
    <BuildType Name="Dist" />
    <BuildType Name="Release" />
    <Platform Name="x64" />
  </Configurations>
  <Project Path="Boozy\vendor\assimp.vcxproj" Id="724885F2-5EEA-AFC8-47A5-C31C33E63619">
  </Project>
  <Project Path="Boozy\Boozy.vcxproj" Id="D817E80C-442C-10BE-0DAE-B31D79810CEF">
  </Project>
  <Project Path="Boozy\vendor\Glad\Glad.vcxproj" Id="BDD6857C-A90D-870D-52FA-6C103E10030F">
  </Project>
  <Project Path="Boozy\vendor\GLFW.vcxproj" Id="154B857C-0182-860D-AA6E-6C109684020F">
  </Project>
  <Project Path="Boozy\vendor\ImGui.vcxproj" Id="C0FF640D-2C14-8DBE-F595-301E616989EF">
  </Project>
  <Project Path="Sandbox\Sandbox.vcxproj" Id="F4C124E3-60A1-A37E-69B9-2E55D5170AE0">
  </Project>
</Solution>