<?xml version="1.0" encoding="utf-8"?>
<Project ToolsVersion="4.0" xmlns="http://schemas.microsoft.com/developer/msbuild/2003">
  <ItemGroup>
    <Filter Include="src">
      <UniqueIdentifier>{2DAB880B-99B4-887C-2230-9F7C8E38947C}</UniqueIdentifier>
    </Filter>
    <Filter Include="src\Boozy">
      <UniqueIdentifier>{2F26A5B2-9B90-5929-E4CE-0ACF5078377E}</UniqueIdentifier>
    </Filter>
    <Filter Include="src\Boozy\Core">
      <UniqueIdentifier>{E77FE836-D34D-DC3C-BCE1-4C63A84EB8A1}</UniqueIdentifier>
    </Filter>
    <Filter Include="src\Boozy\Events">
      <UniqueIdentifier>{33272A98-1F20-49EA-4852-2E6F34AA28F6}</UniqueIdentifier>
    </Filter>
    <Filter Include="src\Boozy\ImGui">
      <UniqueIdentifier>{99426314-05CE-D0D8-0EDF-53CD7AE92CD9}</UniqueIdentifier>
    </Filter>
    <Filter Include="src\Boozy\Renderer">
      <UniqueIdentifier>{B5CE4B42-A1B2-0C98-0A13-07EBF615F719}</UniqueIdentifier>
    </Filter>
    <Filter Include="src\Platform">
      <UniqueIdentifier>{21CA02E5-0D2D-9289-B6B2-CA3FA2F45D0C}</UniqueIdentifier>
    </Filter>
    <Filter Include="src\Platform\OpenGL">
      <UniqueIdentifier>{35A49437-A105-7245-2A73-B8F796D3A804}</UniqueIdentifier>
    </Filter>
    <Filter Include="src\Platform\Windows">
      <UniqueIdentifier>{5B054582-4794-CE4B-F0B2-E246DC20DFF1}</UniqueIdentifier>
    </Filter>
    <Filter Include="vendor">
      <UniqueIdentifier>{B3738122-9F15-ACF8-88D0-BF4C74113349}</UniqueIdentifier>
    </Filter>
    <Filter Include="vendor\stb_image">
      <UniqueIdentifier>{0DA0BA59-F998-D9AB-22CB-BE300E23B9B7}</UniqueIdentifier>
    </Filter>
  </ItemGroup>
  <ItemGroup>
    <ClInclude Include="src\Boozy.h">
      <Filter>src</Filter>
    </ClInclude>
    <ClInclude Include="src\Boozy\Core\Application.h">
      <Filter>src\Boozy\Core</Filter>
    </ClInclude>
    <ClInclude Include="src\Boozy\Core\Core.h">
      <Filter>src\Boozy\Core</Filter>
    </ClInclude>
    <ClInclude Include="src\Boozy\Core\EntryPoint.h">
      <Filter>src\Boozy\Core</Filter>
    </ClInclude>
    <ClInclude Include="src\Boozy\Core\Input.h">
      <Filter>src\Boozy\Core</Filter>
    </ClInclude>
    <ClInclude Include="src\Boozy\Core\KeyCodes.h">
      <Filter>src\Boozy\Core</Filter>
    </ClInclude>
    <ClInclude Include="src\Boozy\Core\Layer.h">
      <Filter>src\Boozy\Core</Filter>
    </ClInclude>
    <ClInclude Include="src\Boozy\Core\LayerStack.h">
      <Filter>src\Boozy\Core</Filter>
    </ClInclude>
    <ClInclude Include="src\Boozy\Core\Log.h">
      <Filter>src\Boozy\Core</Filter>
    </ClInclude>
    <ClInclude Include="src\Boozy\Core\MouseButtonCodes.h">
      <Filter>src\Boozy\Core</Filter>
    </ClInclude>
    <ClInclude Include="src\Boozy\Core\Timestep.h">
      <Filter>src\Boozy\Core</Filter>
    </ClInclude>
    <ClInclude Include="src\Boozy\Core\Transform.h">
      <Filter>src\Boozy\Core</Filter>
    </ClInclude>
    <ClInclude Include="src\Boozy\Core\Window.h">
      <Filter>src\Boozy\Core</Filter>
    </ClInclude>
    <ClInclude Include="src\Boozy\Events\ApplicationEvent.h">
      <Filter>src\Boozy\Events</Filter>
    </ClInclude>
    <ClInclude Include="src\Boozy\Events\Event.h">
      <Filter>src\Boozy\Events</Filter>
    </ClInclude>
    <ClInclude Include="src\Boozy\Events\KeyEvent.h">
      <Filter>src\Boozy\Events</Filter>
    </ClInclude>
    <ClInclude Include="src\Boozy\Events\MouseEvent.h">
      <Filter>src\Boozy\Events</Filter>
    </ClInclude>
    <ClInclude Include="src\Boozy\ImGui\ImGuiLayer.h">
      <Filter>src\Boozy\ImGui</Filter>
    </ClInclude>
    <ClInclude Include="src\Boozy\Renderer\Buffer.h">
      <Filter>src\Boozy\Renderer</Filter>
    </ClInclude>
    <ClInclude Include="src\Boozy\Renderer\Camera.h">
      <Filter>src\Boozy\Renderer</Filter>
    </ClInclude>
    <ClInclude Include="src\Boozy\Renderer\FrameBuffer.h">
      <Filter>src\Boozy\Renderer</Filter>
    </ClInclude>
    <ClInclude Include="src\Boozy\Renderer\GraphicsContext.h">
      <Filter>src\Boozy\Renderer</Filter>
    </ClInclude>
    <ClInclude Include="src\Boozy\Renderer\Light.h">
      <Filter>src\Boozy\Renderer</Filter>
    </ClInclude>
    <ClInclude Include="src\Boozy\Renderer\Material.h">
      <Filter>src\Boozy\Renderer</Filter>
    </ClInclude>
    <ClInclude Include="src\Boozy\Renderer\Mesh.h">
      <Filter>src\Boozy\Renderer</Filter>
    </ClInclude>
    <ClInclude Include="src\Boozy\Renderer\Model.h">
      <Filter>src\Boozy\Renderer</Filter>
    </ClInclude>
    <ClInclude Include="src\Boozy\Renderer\OrthographicCamera.h">
      <Filter>src\Boozy\Renderer</Filter>
    </ClInclude>
    <ClInclude Include="src\Boozy\Renderer\OrthographicCameraController.h">
      <Filter>src\Boozy\Renderer</Filter>
    </ClInclude>
    <ClInclude Include="src\Boozy\Renderer\PerspectiveCamera.h">
      <Filter>src\Boozy\Renderer</Filter>
    </ClInclude>
    <ClInclude Include="src\Boozy\Renderer\PerspectiveCameraController.h">
      <Filter>src\Boozy\Renderer</Filter>
    </ClInclude>
    <ClInclude Include="src\Boozy\Renderer\RenderCommand.h">
      <Filter>src\Boozy\Renderer</Filter>
    </ClInclude>
    <ClInclude Include="src\Boozy\Renderer\Renderer.h">
      <Filter>src\Boozy\Renderer</Filter>
    </ClInclude>
    <ClInclude Include="src\Boozy\Renderer\Renderer2D.h">
      <Filter>src\Boozy\Renderer</Filter>
    </ClInclude>
    <ClInclude Include="src\Boozy\Renderer\Renderer3D.h">
      <Filter>src\Boozy\Renderer</Filter>
    </ClInclude>
    <ClInclude Include="src\Boozy\Renderer\RendererAPI.h">
      <Filter>src\Boozy\Renderer</Filter>
    </ClInclude>
    <ClInclude Include="src\Boozy\Renderer\Shader.h">
      <Filter>src\Boozy\Renderer</Filter>
    </ClInclude>
    <ClInclude Include="src\Boozy\Renderer\Texture.h">
      <Filter>src\Boozy\Renderer</Filter>
    </ClInclude>
    <ClInclude Include="src\Boozy\Renderer\Vertex.h">
      <Filter>src\Boozy\Renderer</Filter>
    </ClInclude>
    <ClInclude Include="src\Boozy\Renderer\VertexArray.h">
      <Filter>src\Boozy\Renderer</Filter>
    </ClInclude>
    <ClInclude Include="src\Platform\OpenGL\OpenGLBuffer.h">
      <Filter>src\Platform\OpenGL</Filter>
    </ClInclude>
    <ClInclude Include="src\Platform\OpenGL\OpenGLContext.h">
      <Filter>src\Platform\OpenGL</Filter>
    </ClInclude>
    <ClInclude Include="src\Platform\OpenGL\OpenGLFrameBuffer.h">
      <Filter>src\Platform\OpenGL</Filter>
    </ClInclude>
    <ClInclude Include="src\Platform\OpenGL\OpenGLRendererAPI.h">
      <Filter>src\Platform\OpenGL</Filter>
    </ClInclude>
    <ClInclude Include="src\Platform\OpenGL\OpenGLShader.h">
      <Filter>src\Platform\OpenGL</Filter>
    </ClInclude>
    <ClInclude Include="src\Platform\OpenGL\OpenGLTexture.h">
      <Filter>src\Platform\OpenGL</Filter>
    </ClInclude>
    <ClInclude Include="src\Platform\OpenGL\OpenGLVertexArray.h">
      <Filter>src\Platform\OpenGL</Filter>
    </ClInclude>
    <ClInclude Include="src\Platform\Windows\WindowsInput.h">
      <Filter>src\Platform\Windows</Filter>
    </ClInclude>
    <ClInclude Include="src\Platform\Windows\WindowsWindow.h">
      <Filter>src\Platform\Windows</Filter>
    </ClInclude>
    <ClInclude Include="src\bzpch.h">
      <Filter>src</Filter>
    </ClInclude>
    <ClInclude Include="vendor\stb_image\stb_image.h">
      <Filter>vendor\stb_image</Filter>
    </ClInclude>
  </ItemGroup>
  <ItemGroup>
    <ClCompile Include="src\Boozy\Core\Application.cpp">
      <Filter>src\Boozy\Core</Filter>
    </ClCompile>
    <ClCompile Include="src\Boozy\Core\Layer.cpp">
      <Filter>src\Boozy\Core</Filter>
    </ClCompile>
    <ClCompile Include="src\Boozy\Core\LayerStack.cpp">
      <Filter>src\Boozy\Core</Filter>
    </ClCompile>
    <ClCompile Include="src\Boozy\Core\Log.cpp">
      <Filter>src\Boozy\Core</Filter>
    </ClCompile>
    <ClCompile Include="src\Boozy\Core\Transform.cpp">
      <Filter>src\Boozy\Core</Filter>
    </ClCompile>
    <ClCompile Include="src\Boozy\ImGui\ImGuiBuild.cpp">
      <Filter>src\Boozy\ImGui</Filter>
    </ClCompile>
    <ClCompile Include="src\Boozy\ImGui\ImGuiLayer.cpp">
      <Filter>src\Boozy\ImGui</Filter>
    </ClCompile>
    <ClCompile Include="src\Boozy\Renderer\Buffer.cpp">
      <Filter>src\Boozy\Renderer</Filter>
    </ClCompile>
    <ClCompile Include="src\Boozy\Renderer\FrameBuffer.cpp">
      <Filter>src\Boozy\Renderer</Filter>
    </ClCompile>
    <ClCompile Include="src\Boozy\Renderer\Material.cpp">
      <Filter>src\Boozy\Renderer</Filter>
    </ClCompile>
    <ClCompile Include="src\Boozy\Renderer\Mesh.cpp">
      <Filter>src\Boozy\Renderer</Filter>
    </ClCompile>
    <ClCompile Include="src\Boozy\Renderer\Model.cpp">
      <Filter>src\Boozy\Renderer</Filter>
    </ClCompile>
    <ClCompile Include="src\Boozy\Renderer\OrthographicCamera.cpp">
      <Filter>src\Boozy\Renderer</Filter>
    </ClCompile>
    <ClCompile Include="src\Boozy\Renderer\OrthographicCameraController.cpp">
      <Filter>src\Boozy\Renderer</Filter>
    </ClCompile>
    <ClCompile Include="src\Boozy\Renderer\PerspectiveCamera.cpp">
      <Filter>src\Boozy\Renderer</Filter>
    </ClCompile>
    <ClCompile Include="src\Boozy\Renderer\PerspectiveCameraController.cpp">
      <Filter>src\Boozy\Renderer</Filter>
    </ClCompile>
    <ClCompile Include="src\Boozy\Renderer\RenderCommand.cpp">
      <Filter>src\Boozy\Renderer</Filter>
    </ClCompile>
    <ClCompile Include="src\Boozy\Renderer\Renderer.cpp">
      <Filter>src\Boozy\Renderer</Filter>
    </ClCompile>
    <ClCompile Include="src\Boozy\Renderer\Renderer2D.cpp">
      <Filter>src\Boozy\Renderer</Filter>
    </ClCompile>
    <ClCompile Include="src\Boozy\Renderer\Renderer3D.cpp">
      <Filter>src\Boozy\Renderer</Filter>
    </ClCompile>
    <ClCompile Include="src\Boozy\Renderer\RendererAPI.cpp">
      <Filter>src\Boozy\Renderer</Filter>
    </ClCompile>
    <ClCompile Include="src\Boozy\Renderer\Shader.cpp">
      <Filter>src\Boozy\Renderer</Filter>
    </ClCompile>
    <ClCompile Include="src\Boozy\Renderer\Texture.cpp">
      <Filter>src\Boozy\Renderer</Filter>
    </ClCompile>
    <ClCompile Include="src\Boozy\Renderer\VertexArray.cpp">
      <Filter>src\Boozy\Renderer</Filter>
    </ClCompile>
    <ClCompile Include="src\Platform\OpenGL\OpenGLBuffer.cpp">
      <Filter>src\Platform\OpenGL</Filter>
    </ClCompile>
    <ClCompile Include="src\Platform\OpenGL\OpenGLContext.cpp">
      <Filter>src\Platform\OpenGL</Filter>
    </ClCompile>
    <ClCompile Include="src\Platform\OpenGL\OpenGLFrameBuffer.cpp">
      <Filter>src\Platform\OpenGL</Filter>
    </ClCompile>
    <ClCompile Include="src\Platform\OpenGL\OpenGLRendererAPI.cpp">
      <Filter>src\Platform\OpenGL</Filter>
    </ClCompile>
    <ClCompile Include="src\Platform\OpenGL\OpenGLShader.cpp">
      <Filter>src\Platform\OpenGL</Filter>
    </ClCompile>
    <ClCompile Include="src\Platform\OpenGL\OpenGLTexture.cpp">
      <Filter>src\Platform\OpenGL</Filter>
    </ClCompile>
    <ClCompile Include="src\Platform\OpenGL\OpenGLVertexArray.cpp">
      <Filter>src\Platform\OpenGL</Filter>
    </ClCompile>
    <ClCompile Include="src\Platform\Windows\WindowsInput.cpp">
      <Filter>src\Platform\Windows</Filter>
    </ClCompile>
    <ClCompile Include="src\Platform\Windows\WindowsWindow.cpp">
      <Filter>src\Platform\Windows</Filter>
    </ClCompile>
    <ClCompile Include="src\bzpch.cpp">
      <Filter>src</Filter>
    </ClCompile>
    <ClCompile Include="vendor\stb_image\stb_image.cpp">
      <Filter>vendor\stb_image</Filter>
    </ClCompile>
  </ItemGroup>
</Project>