<?xml version="1.0" encoding="utf-8"?>
<Project ToolsVersion="4.0" xmlns="http://schemas.microsoft.com/developer/msbuild/2003">
  <ItemGroup>
    <Filter Include="Boozy">
      <UniqueIdentifier>{D817E80C-442C-10BE-0DAE-B31D79810CEF}</UniqueIdentifier>
    </Filter>
    <Filter Include="Boozy\Events">
      <UniqueIdentifier>{BC800985-A8E3-9829-5169-D1DF3DAB64AC}</UniqueIdentifier>
    </Filter>
  </ItemGroup>
  <ItemGroup>
    <ClInclude Include="src\Boozy.h" />
    <ClInclude Include="src\Boozy\Application.h">
      <Filter>Boozy</Filter>
    </ClInclude>
    <ClInclude Include="src\Boozy\Core.h">
      <Filter>Boozy</Filter>
    </ClInclude>
    <ClInclude Include="src\Boozy\EntryPoint.h">
      <Filter>Boozy</Filter>
    </ClInclude>
    <ClInclude Include="src\Boozy\Events\ApplicationEvent.h">
      <Filter>Boozy\Events</Filter>
    </ClInclude>
    <ClInclude Include="src\Boozy\Events\Event.h">
      <Filter>Boozy\Events</Filter>
    </ClInclude>
    <ClInclude Include="src\Boozy\Events\KeyEvent.h">
      <Filter>Boozy\Events</Filter>
    </ClInclude>
    <ClInclude Include="src\Boozy\Events\MouseEvent.h">
      <Filter>Boozy\Events</Filter>
    </ClInclude>
    <ClInclude Include="src\Boozy\Log.h">
      <Filter>Boozy</Filter>
    </ClInclude>
    <ClInclude Include="src\bzpch.h" />
  </ItemGroup>
  <ItemGroup>
    <ClCompile Include="src\Boozy\Application.cpp">
      <Filter>Boozy</Filter>
    </ClCompile>
    <ClCompile Include="src\Boozy\Log.cpp">
      <Filter>Boozy</Filter>
    </ClCompile>
    <ClCompile Include="src\bzpch.cpp" />
  </ItemGroup>
</Project>