<?xml version="1.0" encoding="utf-8"?>
<Project ToolsVersion="4.0" xmlns="http://schemas.microsoft.com/developer/msbuild/2003">
  <ItemGroup>
    <Filter Include="Boozy">
      <UniqueIdentifier>{D817E80C-442C-10BE-0DAE-B31D79810CEF}</UniqueIdentifier>
    </Filter>
    <Filter Include="Boozy\Events">
      <UniqueIdentifier>{BC800985-A8E3-9829-5169-D1DF3DAB64AC}</UniqueIdentifier>
    </Filter>
    <Filter Include="Boozy\ImGui">
      <UniqueIdentifier>{020F89FC-6EC4-01F2-F7B8-FBC8636DF8F5}</UniqueIdentifier>
    </Filter>
    <Filter Include="Platform">
      <UniqueIdentifier>{2AC788B4-1694-E3BF-3FAD-D1672BD9184E}</UniqueIdentifier>
    </Filter>
    <Filter Include="Platform\Windows">
      <UniqueIdentifier>{64FBD71A-50F4-F66C-7926-DCF1657ED678}</UniqueIdentifier>
    </Filter>
  </ItemGroup>
  <ItemGroup>
    <ClInclude Include="src\Boozy.h" />
    <ClInclude Include="src\Boozy\Application.h">
      <Filter>Boozy</Filter>
    </ClInclude>
    <ClInclude Include="src\Boozy\Core.h">
      <Filter>Boozy</Filter>
    </ClInclude>
    <ClInclude Include="src\Boozy\EntryPoint.h">
      <Filter>Boozy</Filter>
    </ClInclude>
    <ClInclude Include="src\Boozy\Events\ApplicationEvent.h">
      <Filter>Boozy\Events</Filter>
    </ClInclude>
    <ClInclude Include="src\Boozy\Events\Event.h">
      <Filter>Boozy\Events</Filter>
    </ClInclude>
    <ClInclude Include="src\Boozy\Events\KeyEvent.h">
      <Filter>Boozy\Events</Filter>
    </ClInclude>
    <ClInclude Include="src\Boozy\Events\MouseEvent.h">
      <Filter>Boozy\Events</Filter>
    </ClInclude>
    <ClInclude Include="src\Boozy\ImGui\ImGuiLayer.h">
      <Filter>Boozy\ImGui</Filter>
    </ClInclude>
    <ClInclude Include="src\Boozy\Input.h">
      <Filter>Boozy</Filter>
    </ClInclude>
    <ClInclude Include="src\Boozy\KeyCodes.h">
      <Filter>Boozy</Filter>
    </ClInclude>
    <ClInclude Include="src\Boozy\Layer.h">
      <Filter>Boozy</Filter>
    </ClInclude>
    <ClInclude Include="src\Boozy\LayerStack.h">
      <Filter>Boozy</Filter>
    </ClInclude>
    <ClInclude Include="src\Boozy\Log.h">
      <Filter>Boozy</Filter>
    </ClInclude>
    <ClInclude Include="src\Boozy\MouseButtonCodes.h">
      <Filter>Boozy</Filter>
    </ClInclude>
    <ClInclude Include="src\Boozy\Window.h">
      <Filter>Boozy</Filter>
    </ClInclude>
    <ClInclude Include="src\Platform\Windows\WindowsInput.h">
      <Filter>Platform\Windows</Filter>
    </ClInclude>
    <ClInclude Include="src\Platform\Windows\WindowsWindow.h">
      <Filter>Platform\Windows</Filter>
    </ClInclude>
    <ClInclude Include="src\bzpch.h" />
  </ItemGroup>
  <ItemGroup>
    <ClCompile Include="src\Boozy\Application.cpp">
      <Filter>Boozy</Filter>
    </ClCompile>
    <ClCompile Include="src\Boozy\ImGui\ImGuiBuild.cpp">
      <Filter>Boozy\ImGui</Filter>
    </ClCompile>
    <ClCompile Include="src\Boozy\ImGui\ImGuiLayer.cpp">
      <Filter>Boozy\ImGui</Filter>
    </ClCompile>
    <ClCompile Include="src\Boozy\Layer.cpp">
      <Filter>Boozy</Filter>
    </ClCompile>
    <ClCompile Include="src\Boozy\LayerStack.cpp">
      <Filter>Boozy</Filter>
    </ClCompile>
    <ClCompile Include="src\Boozy\Log.cpp">
      <Filter>Boozy</Filter>
    </ClCompile>
    <ClCompile Include="src\Platform\Windows\WindowsInput.cpp">
      <Filter>Platform\Windows</Filter>
    </ClCompile>
    <ClCompile Include="src\Platform\Windows\WindowsWindow.cpp">
      <Filter>Platform\Windows</Filter>
    </ClCompile>
    <ClCompile Include="src\bzpch.cpp" />
  </ItemGroup>
</Project>